
Microsoft Visual Studio Solution File, Format Version 12.00
# Visual Studio Version 16
VisualStudioVersion = 16.0.31205.134
MinimumVisualStudioVersion = 10.0.40219.1
Project("{FAE04EC0-301F-11D3-BF4B-00C04F79EFBC}") = "lesson5.1", "lesson5.1.csproj", "{2CD7BCD3-7712-4A0D-A9AA-A5DD5D9A3903}"
EndProject
Global
	GlobalSection(SolutionConfigurationPlatforms) = preSolution
		Debug|Any CPU = Debug|Any CPU
		Release|Any CPU = Release|Any CPU
	EndGlobalSection
	GlobalSection(ProjectConfigurationPlatforms) = postSolution
		{2CD7BCD3-7712-4A0D-A9AA-A5DD5D9A3903}.Debug|Any CPU.ActiveCfg = Debug|Any CPU
		{2CD7BCD3-7712-4A0D-A9AA-A5DD5D9A3903}.Debug|Any CPU.Build.0 = Debug|Any CPU
		{2CD7BCD3-7712-4A0D-A9AA-A5DD5D9A3903}.Release|Any CPU.ActiveCfg = Release|Any CPU
		{2CD7BCD3-7712-4A0D-A9AA-A5DD5D9A3903}.Release|Any CPU.Build.0 = Release|Any CPU
	EndGlobalSection
	GlobalSection(SolutionProperties) = preSolution
		HideSolutionNode = FALSE
	EndGlobalSection
	GlobalSection(ExtensibilityGlobals) = postSolution
		SolutionGuid = {1DB84958-CBFF-4EED-9722-2345AA58257B}
	EndGlobalSection
EndGlobal
