
Microsoft Visual Studio Solution File, Format Version 12.00
# Visual Studio Version 16
VisualStudioVersion = 16.0.31205.134
MinimumVisualStudioVersion = 10.0.40219.1
Project("{FAE04EC0-301F-11D3-BF4B-00C04F79EFBC}") = "lesson5.2", "lesson5.2.csproj", "{F63612E3-F453-42BC-981B-9A867074FBA0}"
EndProject
Global
	GlobalSection(SolutionConfigurationPlatforms) = preSolution
		Debug|Any CPU = Debug|Any CPU
		Release|Any CPU = Release|Any CPU
	EndGlobalSection
	GlobalSection(ProjectConfigurationPlatforms) = postSolution
		{F63612E3-F453-42BC-981B-9A867074FBA0}.Debug|Any CPU.ActiveCfg = Debug|Any CPU
		{F63612E3-F453-42BC-981B-9A867074FBA0}.Debug|Any CPU.Build.0 = Debug|Any CPU
		{F63612E3-F453-42BC-981B-9A867074FBA0}.Release|Any CPU.ActiveCfg = Release|Any CPU
		{F63612E3-F453-42BC-981B-9A867074FBA0}.Release|Any CPU.Build.0 = Release|Any CPU
	EndGlobalSection
	GlobalSection(SolutionProperties) = preSolution
		HideSolutionNode = FALSE
	EndGlobalSection
	GlobalSection(ExtensibilityGlobals) = postSolution
		SolutionGuid = {D4CEC5E8-7DDC-46C1-A23B-01A1B21601EF}
	EndGlobalSection
EndGlobal
